
Microsoft Visual Studio Solution File, Format Version 12.00
# Visual Studio Version 17
VisualStudioVersion = 17.13.35825.156 d17.13
MinimumVisualStudioVersion = 10.0.40219.1
Project("{FAE04EC0-301F-11D3-BF4B-00C04F79EFBC}") = "JogoDeadiviacao", "JogoDeadiviacao\JogoDeadiviacao.csproj", "{A3833887-53CA-42E3-B746-9B44CEBAE251}"
EndProject
Global
	GlobalSection(SolutionConfigurationPlatforms) = preSolution
		Debug|Any CPU = Debug|Any CPU
		Release|Any CPU = Release|Any CPU
	EndGlobalSection
	GlobalSection(ProjectConfigurationPlatforms) = postSolution
		{A3833887-53CA-42E3-B746-9B44CEBAE251}.Debug|Any CPU.ActiveCfg = Debug|Any CPU
		{A3833887-53CA-42E3-B746-9B44CEBAE251}.Debug|Any CPU.Build.0 = Debug|Any CPU
		{A3833887-53CA-42E3-B746-9B44CEBAE251}.Release|Any CPU.ActiveCfg = Release|Any CPU
		{A3833887-53CA-42E3-B746-9B44CEBAE251}.Release|Any CPU.Build.0 = Release|Any CPU
	EndGlobalSection
	GlobalSection(SolutionProperties) = preSolution
		HideSolutionNode = FALSE
	EndGlobalSection
	GlobalSection(ExtensibilityGlobals) = postSolution
		SolutionGuid = {295A3B7A-D7C7-4E35-9392-34603E25FE21}
	EndGlobalSection
EndGlobal
